
Microsoft Visual Studio Solution File, Format Version 12.00
# Visual Studio Version 16
VisualStudioVersion = 16.0.31313.79
MinimumVisualStudioVersion = 10.0.40219.1
Project("{9A19103F-16F7-4668-BE54-9A1E7A4F7556}") = "Assignment_2_Summer2021", "Assignment_2_Summer2021\Assignment_2_Summer2021.csproj", "{AE6B5092-5936-4EA9-BCDD-AF5D9023F07F}"
EndProject
Project("{2150E333-8FDC-42A3-9474-1A3956D46DE8}") = "Solution Items", "Solution Items", "{362557CF-B591-483B-8CE7-A244E1C7935F}"
	ProjectSection(SolutionItems) = preProject
		.editorconfig = .editorconfig
	EndProjectSection
EndProject
Global
	GlobalSection(SolutionConfigurationPlatforms) = preSolution
		Debug|Any CPU = Debug|Any CPU
		Release|Any CPU = Release|Any CPU
	EndGlobalSection
	GlobalSection(ProjectConfigurationPlatforms) = postSolution
		{AE6B5092-5936-4EA9-BCDD-AF5D9023F07F}.Debug|Any CPU.ActiveCfg = Debug|Any CPU
		{AE6B5092-5936-4EA9-BCDD-AF5D9023F07F}.Debug|Any CPU.Build.0 = Debug|Any CPU
		{AE6B5092-5936-4EA9-BCDD-AF5D9023F07F}.Release|Any CPU.ActiveCfg = Release|Any CPU
		{AE6B5092-5936-4EA9-BCDD-AF5D9023F07F}.Release|Any CPU.Build.0 = Release|Any CPU
	EndGlobalSection
	GlobalSection(SolutionProperties) = preSolution
		HideSolutionNode = FALSE
	EndGlobalSection
	GlobalSection(ExtensibilityGlobals) = postSolution
		SolutionGuid = {A567C0F6-F1CC-4BAD-9156-DEBB7B9125DD}
	EndGlobalSection
EndGlobal
